
Microsoft Visual Studio Solution File, Format Version 12.00
# Visual Studio Version 17
VisualStudioVersion = 17.14.36429.23 d17.14
MinimumVisualStudioVersion = 10.0.40219.1
Project("{FAE04EC0-301F-11D3-BF4B-00C04F79EFBC}") = "Pragati.Web", "Pragati.Web\Pragati.Web.csproj", "{F067D006-6B0B-4857-AFC3-D7453FB14013}"
EndProject
Project("{FAE04EC0-301F-11D3-BF4B-00C04F79EFBC}") = "Pragati.Web.Tests", "Pragati.Web.Tests\Pragati.Web.Tests.csproj", "{40E83D58-8469-4069-87C8-D06E015A1212}"
EndProject
Global
	GlobalSection(SolutionConfigurationPlatforms) = preSolution
		Debug|Any CPU = Debug|Any CPU
		Release|Any CPU = Release|Any CPU
	EndGlobalSection
	GlobalSection(ProjectConfigurationPlatforms) = postSolution
		{F067D006-6B0B-4857-AFC3-D7453FB14013}.Debug|Any CPU.ActiveCfg = Debug|Any CPU
		{F067D006-6B0B-4857-AFC3-D7453FB14013}.Debug|Any CPU.Build.0 = Debug|Any CPU
		{F067D006-6B0B-4857-AFC3-D7453FB14013}.Release|Any CPU.ActiveCfg = Release|Any CPU
		{F067D006-6B0B-4857-AFC3-D7453FB14013}.Release|Any CPU.Build.0 = Release|Any CPU
		{40E83D58-8469-4069-87C8-D06E015A1212}.Debug|Any CPU.ActiveCfg = Debug|Any CPU
		{40E83D58-8469-4069-87C8-D06E015A1212}.Debug|Any CPU.Build.0 = Debug|Any CPU
		{40E83D58-8469-4069-87C8-D06E015A1212}.Release|Any CPU.ActiveCfg = Release|Any CPU
		{40E83D58-8469-4069-87C8-D06E015A1212}.Release|Any CPU.Build.0 = Release|Any CPU
	EndGlobalSection
	GlobalSection(SolutionProperties) = preSolution
		HideSolutionNode = FALSE
	EndGlobalSection
	GlobalSection(ExtensibilityGlobals) = postSolution
		SolutionGuid = {127C229A-15F3-4507-AF70-01BD010CD8BB}
	EndGlobalSection
EndGlobal
